// !$*UTF8*$!
{
	archiveVersion = 1;
	classes = {
	};
	objectVersion = 46;
	objects = {

/* Begin PBXBuildFile section */
		8BA79AE7913B2E23AF2AE021 /* Pods.framework in Frameworks */ = {isa = PBXBuildFile; fileRef = CA7CCAD7E99E3E81793DCBC5 /* Pods.framework */; };
		B63AE6201CA95D5B006FF012 /* RXInitialPageContentViewController.swift in Sources */ = {isa = PBXBuildFile; fileRef = B63AE61D1CA95D5B006FF012 /* RXInitialPageContentViewController.swift */; };
		B63AE6211CA95D5B006FF012 /* RXInitialPageViewController.swift in Sources */ = {isa = PBXBuildFile; fileRef = B63AE61E1CA95D5B006FF012 /* RXInitialPageViewController.swift */; };
		B63AE6221CA95D5B006FF012 /* RXInitialViewController.swift in Sources */ = {isa = PBXBuildFile; fileRef = B63AE61F1CA95D5B006FF012 /* RXInitialViewController.swift */; };
		B63AE6241CA96270006FF012 /* RXLoginSignUpViewController.swift in Sources */ = {isa = PBXBuildFile; fileRef = B63AE6231CA96270006FF012 /* RXLoginSignUpViewController.swift */; };
		B63AE6251CA96270006FF012 /* RXLoginSignUpViewController.swift in Sources */ = {isa = PBXBuildFile; fileRef = B63AE6231CA96270006FF012 /* RXLoginSignUpViewController.swift */; };
		B64B79E81CA5993F00F4E771 /* AppDelegate.swift in Sources */ = {isa = PBXBuildFile; fileRef = B64B79E01CA5993F00F4E771 /* AppDelegate.swift */; };
		B64B79EA1CA5993F00F4E771 /* Assets.xcassets in Resources */ = {isa = PBXBuildFile; fileRef = B64B79E51CA5993F00F4E771 /* Assets.xcassets */; };
		B64B79EB1CA5993F00F4E771 /* LaunchScreen.storyboard in Resources */ = {isa = PBXBuildFile; fileRef = B64B79E61CA5993F00F4E771 /* LaunchScreen.storyboard */; };
		B64B79EC1CA5993F00F4E771 /* Main.storyboard in Resources */ = {isa = PBXBuildFile; fileRef = B64B79E71CA5993F00F4E771 /* Main.storyboard */; };
		B64B79EF1CA59B8100F4E771 /* AppDelegate.swift in Sources */ = {isa = PBXBuildFile; fileRef = B64B79E01CA5993F00F4E771 /* AppDelegate.swift */; };
		B64B79F21CA59B8100F4E771 /* LaunchScreen.storyboard in Resources */ = {isa = PBXBuildFile; fileRef = B64B79E61CA5993F00F4E771 /* LaunchScreen.storyboard */; };
		B64B79F31CA59B8100F4E771 /* Assets.xcassets in Resources */ = {isa = PBXBuildFile; fileRef = B64B79E51CA5993F00F4E771 /* Assets.xcassets */; };
		B64B79F51CA59B8100F4E771 /* Main.storyboard in Resources */ = {isa = PBXBuildFile; fileRef = B64B79E71CA5993F00F4E771 /* Main.storyboard */; };
		B64B7A0E1CA5C97400F4E771 /* Localizable.strings in Resources */ = {isa = PBXBuildFile; fileRef = B64B7A111CA5C97400F4E771 /* Localizable.strings */; };
		B64B7A0F1CA5C97400F4E771 /* Localizable.strings in Resources */ = {isa = PBXBuildFile; fileRef = B64B7A111CA5C97400F4E771 /* Localizable.strings */; };
		B64B7A171CA5D06600F4E771 /* RXConstants.swift in Sources */ = {isa = PBXBuildFile; fileRef = B64B7A161CA5D06600F4E771 /* RXConstants.swift */; };
		B64B7A181CA5D06600F4E771 /* RXConstants.swift in Sources */ = {isa = PBXBuildFile; fileRef = B64B7A161CA5D06600F4E771 /* RXConstants.swift */; };
		B64B7A281CA5DA6900F4E771 /* dineroFacilTutorial.jpg in Resources */ = {isa = PBXBuildFile; fileRef = B64B7A251CA5DA6900F4E771 /* dineroFacilTutorial.jpg */; };
		B64B7A291CA5DA6900F4E771 /* dineroFacilTutorial.jpg in Resources */ = {isa = PBXBuildFile; fileRef = B64B7A251CA5DA6900F4E771 /* dineroFacilTutorial.jpg */; };
		B64B7A2A1CA5DA6900F4E771 /* prestamoTutorial.jpg in Resources */ = {isa = PBXBuildFile; fileRef = B64B7A261CA5DA6900F4E771 /* prestamoTutorial.jpg */; };
		B64B7A2B1CA5DA6900F4E771 /* prestamoTutorial.jpg in Resources */ = {isa = PBXBuildFile; fileRef = B64B7A261CA5DA6900F4E771 /* prestamoTutorial.jpg */; };
		B64B7A2C1CA5DA6900F4E771 /* rifaTutorial.jpg in Resources */ = {isa = PBXBuildFile; fileRef = B64B7A271CA5DA6900F4E771 /* rifaTutorial.jpg */; };
		B64B7A2D1CA5DA6900F4E771 /* rifaTutorial.jpg in Resources */ = {isa = PBXBuildFile; fileRef = B64B7A271CA5DA6900F4E771 /* rifaTutorial.jpg */; };
		B64B7A2F1CA5F2F000F4E771 /* RXExtensions.swift in Sources */ = {isa = PBXBuildFile; fileRef = B64B7A2E1CA5F2F000F4E771 /* RXExtensions.swift */; };
		B64B7A301CA5F2F000F4E771 /* RXExtensions.swift in Sources */ = {isa = PBXBuildFile; fileRef = B64B7A2E1CA5F2F000F4E771 /* RXExtensions.swift */; };
/* End PBXBuildFile section */

/* Begin PBXFileReference section */
		1FF8AF0761FC32A20A8B02EB /* Pods.debug.xcconfig */ = {isa = PBXFileReference; includeInIndex = 1; lastKnownFileType = text.xcconfig; name = Pods.debug.xcconfig; path = "Pods/Target Support Files/Pods/Pods.debug.xcconfig"; sourceTree = "<group>"; };
		B63AE61D1CA95D5B006FF012 /* RXInitialPageContentViewController.swift */ = {isa = PBXFileReference; fileEncoding = 4; lastKnownFileType = sourcecode.swift; path = RXInitialPageContentViewController.swift; sourceTree = "<group>"; };
		B63AE61E1CA95D5B006FF012 /* RXInitialPageViewController.swift */ = {isa = PBXFileReference; fileEncoding = 4; lastKnownFileType = sourcecode.swift; path = RXInitialPageViewController.swift; sourceTree = "<group>"; };
		B63AE61F1CA95D5B006FF012 /* RXInitialViewController.swift */ = {isa = PBXFileReference; fileEncoding = 4; lastKnownFileType = sourcecode.swift; path = RXInitialViewController.swift; sourceTree = "<group>"; };
		B63AE6231CA96270006FF012 /* RXLoginSignUpViewController.swift */ = {isa = PBXFileReference; fileEncoding = 4; lastKnownFileType = sourcecode.swift; path = RXLoginSignUpViewController.swift; sourceTree = "<group>"; };
		B64B79BC1CA5949500F4E771 /* Rafflex-Alpha.app */ = {isa = PBXFileReference; explicitFileType = wrapper.application; includeInIndex = 0; path = "Rafflex-Alpha.app"; sourceTree = BUILT_PRODUCTS_DIR; };
		B64B79E01CA5993F00F4E771 /* AppDelegate.swift */ = {isa = PBXFileReference; fileEncoding = 4; lastKnownFileType = sourcecode.swift; path = AppDelegate.swift; sourceTree = "<group>"; };
		B64B79E31CA5993F00F4E771 /* Rafflex-Alpha.plist */ = {isa = PBXFileReference; fileEncoding = 4; lastKnownFileType = text.plist.xml; path = "Rafflex-Alpha.plist"; sourceTree = "<group>"; };
		B64B79E51CA5993F00F4E771 /* Assets.xcassets */ = {isa = PBXFileReference; lastKnownFileType = folder.assetcatalog; path = Assets.xcassets; sourceTree = "<group>"; };
		B64B79E61CA5993F00F4E771 /* LaunchScreen.storyboard */ = {isa = PBXFileReference; fileEncoding = 4; lastKnownFileType = file.storyboard; path = LaunchScreen.storyboard; sourceTree = "<group>"; };
		B64B79E71CA5993F00F4E771 /* Main.storyboard */ = {isa = PBXFileReference; fileEncoding = 4; lastKnownFileType = file.storyboard; path = Main.storyboard; sourceTree = "<group>"; };
		B64B79F91CA59B8100F4E771 /* Rafflex-AppStore.app */ = {isa = PBXFileReference; explicitFileType = wrapper.application; includeInIndex = 0; path = "Rafflex-AppStore.app"; sourceTree = BUILT_PRODUCTS_DIR; };
		B64B79FB1CA59BAE00F4E771 /* Rafflex-AppStore.plist */ = {isa = PBXFileReference; fileEncoding = 4; lastKnownFileType = text.plist.xml; path = "Rafflex-AppStore.plist"; sourceTree = "<group>"; };
		B64B7A101CA5C97400F4E771 /* Base */ = {isa = PBXFileReference; lastKnownFileType = text.plist.strings; name = Base; path = Base.lproj/Localizable.strings; sourceTree = "<group>"; };
		B64B7A121CA5C97A00F4E771 /* en */ = {isa = PBXFileReference; lastKnownFileType = text.plist.strings; name = en; path = en.lproj/Localizable.strings; sourceTree = "<group>"; };
		B64B7A161CA5D06600F4E771 /* RXConstants.swift */ = {isa = PBXFileReference; fileEncoding = 4; lastKnownFileType = sourcecode.swift; path = RXConstants.swift; sourceTree = "<group>"; };
		B64B7A251CA5DA6900F4E771 /* dineroFacilTutorial.jpg */ = {isa = PBXFileReference; lastKnownFileType = image.jpeg; path = dineroFacilTutorial.jpg; sourceTree = "<group>"; };
		B64B7A261CA5DA6900F4E771 /* prestamoTutorial.jpg */ = {isa = PBXFileReference; lastKnownFileType = image.jpeg; path = prestamoTutorial.jpg; sourceTree = "<group>"; };
		B64B7A271CA5DA6900F4E771 /* rifaTutorial.jpg */ = {isa = PBXFileReference; lastKnownFileType = image.jpeg; path = rifaTutorial.jpg; sourceTree = "<group>"; };
		B64B7A2E1CA5F2F000F4E771 /* RXExtensions.swift */ = {isa = PBXFileReference; fileEncoding = 4; lastKnownFileType = sourcecode.swift; path = RXExtensions.swift; sourceTree = "<group>"; };
		B64B7A311CA5F75200F4E771 /* es-MX */ = {isa = PBXFileReference; lastKnownFileType = text.plist.strings; name = "es-MX"; path = "es-MX.lproj/Localizable.strings"; sourceTree = "<group>"; };
		B64B7A321CA5F75E00F4E771 /* es */ = {isa = PBXFileReference; lastKnownFileType = text.plist.strings; name = es; path = es.lproj/Localizable.strings; sourceTree = "<group>"; };
		CA7CCAD7E99E3E81793DCBC5 /* Pods.framework */ = {isa = PBXFileReference; explicitFileType = wrapper.framework; includeInIndex = 0; path = Pods.framework; sourceTree = BUILT_PRODUCTS_DIR; };
		E2F2EF3E2AD91627EB7BE9E6 /* Pods.release.xcconfig */ = {isa = PBXFileReference; includeInIndex = 1; lastKnownFileType = text.xcconfig; name = Pods.release.xcconfig; path = "Pods/Target Support Files/Pods/Pods.release.xcconfig"; sourceTree = "<group>"; };
/* End PBXFileReference section */

/* Begin PBXFrameworksBuildPhase section */
		B64B79B91CA5949500F4E771 /* Frameworks */ = {
			isa = PBXFrameworksBuildPhase;
			buildActionMask = 2147483647;
			files = (
				8BA79AE7913B2E23AF2AE021 /* Pods.framework in Frameworks */,
			);
			runOnlyForDeploymentPostprocessing = 0;
		};
		B64B79F01CA59B8100F4E771 /* Frameworks */ = {
			isa = PBXFrameworksBuildPhase;
			buildActionMask = 2147483647;
			files = (
			);
			runOnlyForDeploymentPostprocessing = 0;
		};
/* End PBXFrameworksBuildPhase section */

/* Begin PBXGroup section */
		B63AE61C1CA95D5B006FF012 /* InitialViewControllers */ = {
			isa = PBXGroup;
			children = (
				B63AE61D1CA95D5B006FF012 /* RXInitialPageContentViewController.swift */,
				B63AE61E1CA95D5B006FF012 /* RXInitialPageViewController.swift */,
				B63AE61F1CA95D5B006FF012 /* RXInitialViewController.swift */,
				B63AE6231CA96270006FF012 /* RXLoginSignUpViewController.swift */,
			);
			path = InitialViewControllers;
			sourceTree = "<group>";
		};
		B64B79B31CA5949500F4E771 = {
			isa = PBXGroup;
			children = (
				B64B79DF1CA5993F00F4E771 /* Core */,
				B64B79E11CA5993F00F4E771 /* Helpers */,
				B64B79E21CA5993F00F4E771 /* PLists */,
				B64B79E41CA5993F00F4E771 /* Resources */,
				B64B79BD1CA5949500F4E771 /* Products */,
				C634F39D6529A6BA4B16120F /* Pods */,
				B8D7C5A9BE5C4CD6C3FA62E2 /* Frameworks */,
			);
			sourceTree = "<group>";
		};
		B64B79BD1CA5949500F4E771 /* Products */ = {
			isa = PBXGroup;
			children = (
				B64B79BC1CA5949500F4E771 /* Rafflex-Alpha.app */,
				B64B79F91CA59B8100F4E771 /* Rafflex-AppStore.app */,
			);
			name = Products;
			sourceTree = "<group>";
		};
		B64B79DF1CA5993F00F4E771 /* Core */ = {
			isa = PBXGroup;
			children = (
				B64B7A1A1CA5D1C700F4E771 /* ViewControllers */,
				B64B79E01CA5993F00F4E771 /* AppDelegate.swift */,
			);
			path = Core;
			sourceTree = "<group>";
		};
		B64B79E11CA5993F00F4E771 /* Helpers */ = {
			isa = PBXGroup;
			children = (
				B64B7A161CA5D06600F4E771 /* RXConstants.swift */,
				B64B7A2E1CA5F2F000F4E771 /* RXExtensions.swift */,
			);
			path = Helpers;
			sourceTree = "<group>";
		};
		B64B79E21CA5993F00F4E771 /* PLists */ = {
			isa = PBXGroup;
			children = (
				B64B79E31CA5993F00F4E771 /* Rafflex-Alpha.plist */,
				B64B79FB1CA59BAE00F4E771 /* Rafflex-AppStore.plist */,
			);
			path = PLists;
			sourceTree = "<group>";
		};
		B64B79E41CA5993F00F4E771 /* Resources */ = {
			isa = PBXGroup;
			children = (
				B64B7A241CA5DA6900F4E771 /* Images */,
				B64B79E51CA5993F00F4E771 /* Assets.xcassets */,
				B64B79E61CA5993F00F4E771 /* LaunchScreen.storyboard */,
				B64B79E71CA5993F00F4E771 /* Main.storyboard */,
				B64B7A111CA5C97400F4E771 /* Localizable.strings */,
			);
			path = Resources;
			sourceTree = "<group>";
		};
		B64B7A1A1CA5D1C700F4E771 /* ViewControllers */ = {
			isa = PBXGroup;
			children = (
				B63AE61C1CA95D5B006FF012 /* InitialViewControllers */,
			);
			path = ViewControllers;
			sourceTree = "<group>";
		};
		B64B7A241CA5DA6900F4E771 /* Images */ = {
			isa = PBXGroup;
			children = (
				B64B7A251CA5DA6900F4E771 /* dineroFacilTutorial.jpg */,
				B64B7A261CA5DA6900F4E771 /* prestamoTutorial.jpg */,
				B64B7A271CA5DA6900F4E771 /* rifaTutorial.jpg */,
			);
			path = Images;
			sourceTree = "<group>";
		};
		B8D7C5A9BE5C4CD6C3FA62E2 /* Frameworks */ = {
			isa = PBXGroup;
			children = (
				CA7CCAD7E99E3E81793DCBC5 /* Pods.framework */,
			);
			name = Frameworks;
			sourceTree = "<group>";
		};
		C634F39D6529A6BA4B16120F /* Pods */ = {
			isa = PBXGroup;
			children = (
				1FF8AF0761FC32A20A8B02EB /* Pods.debug.xcconfig */,
				E2F2EF3E2AD91627EB7BE9E6 /* Pods.release.xcconfig */,
			);
			name = Pods;
			sourceTree = "<group>";
		};
/* End PBXGroup section */

/* Begin PBXNativeTarget section */
		B64B79BB1CA5949500F4E771 /* Rafflex-Alpha */ = {
			isa = PBXNativeTarget;
			buildConfigurationList = B64B79CE1CA5949500F4E771 /* Build configuration list for PBXNativeTarget "Rafflex-Alpha" */;
			buildPhases = (
				270ED0278A0B2653E12DF649 /* Check Pods Manifest.lock */,
				B64B79B81CA5949500F4E771 /* Sources */,
				B64B79B91CA5949500F4E771 /* Frameworks */,
				B64B79BA1CA5949500F4E771 /* Resources */,
				05D6CF5DDB69C3A68A039427 /* Embed Pods Frameworks */,
				E31A13F7832BFB6A812178AC /* Copy Pods Resources */,
			);
			buildRules = (
			);
			dependencies = (
			);
			name = "Rafflex-Alpha";
			productName = Rafflex;
			productReference = B64B79BC1CA5949500F4E771 /* Rafflex-Alpha.app */;
			productType = "com.apple.product-type.application";
		};
		B64B79ED1CA59B8100F4E771 /* Rafflex-AppStore */ = {
			isa = PBXNativeTarget;
			buildConfigurationList = B64B79F61CA59B8100F4E771 /* Build configuration list for PBXNativeTarget "Rafflex-AppStore" */;
			buildPhases = (
				B64B79EE1CA59B8100F4E771 /* Sources */,
				B64B79F01CA59B8100F4E771 /* Frameworks */,
				B64B79F11CA59B8100F4E771 /* Resources */,
			);
			buildRules = (
			);
			dependencies = (
			);
			name = "Rafflex-AppStore";
			productName = Rafflex;
			productReference = B64B79F91CA59B8100F4E771 /* Rafflex-AppStore.app */;
			productType = "com.apple.product-type.application";
		};
/* End PBXNativeTarget section */

/* Begin PBXProject section */
		B64B79B41CA5949500F4E771 /* Project object */ = {
			isa = PBXProject;
			attributes = {
				LastSwiftUpdateCheck = 0730;
				LastUpgradeCheck = 0730;
				ORGANIZATIONNAME = RAM;
				TargetAttributes = {
					B64B79BB1CA5949500F4E771 = {
						CreatedOnToolsVersion = 7.3;
						DevelopmentTeam = WEUMM3X4MB;
					};
					B64B79ED1CA59B8100F4E771 = {
						DevelopmentTeam = WEUMM3X4MB;
					};
				};
			};
			buildConfigurationList = B64B79B71CA5949500F4E771 /* Build configuration list for PBXProject "Rafflex" */;
			compatibilityVersion = "Xcode 3.2";
			developmentRegion = English;
			hasScannedForEncodings = 0;
			knownRegions = (
				en,
				Base,
				"es-MX",
				es,
			);
			mainGroup = B64B79B31CA5949500F4E771;
			productRefGroup = B64B79BD1CA5949500F4E771 /* Products */;
			projectDirPath = "";
			projectRoot = "";
			targets = (
				B64B79BB1CA5949500F4E771 /* Rafflex-Alpha */,
				B64B79ED1CA59B8100F4E771 /* Rafflex-AppStore */,
			);
		};
/* End PBXProject section */

/* Begin PBXResourcesBuildPhase section */
		B64B79BA1CA5949500F4E771 /* Resources */ = {
			isa = PBXResourcesBuildPhase;
			buildActionMask = 2147483647;
			files = (
				B64B7A2C1CA5DA6900F4E771 /* rifaTutorial.jpg in Resources */,
				B64B7A2A1CA5DA6900F4E771 /* prestamoTutorial.jpg in Resources */,
				B64B79EB1CA5993F00F4E771 /* LaunchScreen.storyboard in Resources */,
				B64B7A281CA5DA6900F4E771 /* dineroFacilTutorial.jpg in Resources */,
				B64B7A0E1CA5C97400F4E771 /* Localizable.strings in Resources */,
				B64B79EA1CA5993F00F4E771 /* Assets.xcassets in Resources */,
				B64B79EC1CA5993F00F4E771 /* Main.storyboard in Resources */,
			);
			runOnlyForDeploymentPostprocessing = 0;
		};
		B64B79F11CA59B8100F4E771 /* Resources */ = {
			isa = PBXResourcesBuildPhase;
			buildActionMask = 2147483647;
			files = (
				B64B7A2D1CA5DA6900F4E771 /* rifaTutorial.jpg in Resources */,
				B64B7A2B1CA5DA6900F4E771 /* prestamoTutorial.jpg in Resources */,
				B64B79F21CA59B8100F4E771 /* LaunchScreen.storyboard in Resources */,
				B64B7A291CA5DA6900F4E771 /* dineroFacilTutorial.jpg in Resources */,
				B64B7A0F1CA5C97400F4E771 /* Localizable.strings in Resources */,
				B64B79F31CA59B8100F4E771 /* Assets.xcassets in Resources */,
				B64B79F51CA59B8100F4E771 /* Main.storyboard in Resources */,
			);
			runOnlyForDeploymentPostprocessing = 0;
		};
/* End PBXResourcesBuildPhase section */

/* Begin PBXShellScriptBuildPhase section */
		05D6CF5DDB69C3A68A039427 /* Embed Pods Frameworks */ = {
			isa = PBXShellScriptBuildPhase;
			buildActionMask = 2147483647;
			files = (
			);
			inputPaths = (
			);
			name = "Embed Pods Frameworks";
			outputPaths = (
			);
			runOnlyForDeploymentPostprocessing = 0;
			shellPath = /bin/sh;
			shellScript = "\"${SRCROOT}/Pods/Target Support Files/Pods/Pods-frameworks.sh\"\n";
			showEnvVarsInLog = 0;
		};
		270ED0278A0B2653E12DF649 /* Check Pods Manifest.lock */ = {
			isa = PBXShellScriptBuildPhase;
			buildActionMask = 2147483647;
			files = (
			);
			inputPaths = (
			);
			name = "Check Pods Manifest.lock";
			outputPaths = (
			);
			runOnlyForDeploymentPostprocessing = 0;
			shellPath = /bin/sh;
			shellScript = "diff \"${PODS_ROOT}/../Podfile.lock\" \"${PODS_ROOT}/Manifest.lock\" > /dev/null\nif [[ $? != 0 ]] ; then\n    cat << EOM\nerror: The sandbox is not in sync with the Podfile.lock. Run 'pod install' or update your CocoaPods installation.\nEOM\n    exit 1\nfi\n";
			showEnvVarsInLog = 0;
		};
		E31A13F7832BFB6A812178AC /* Copy Pods Resources */ = {
			isa = PBXShellScriptBuildPhase;
			buildActionMask = 2147483647;
			files = (
			);
			inputPaths = (
			);
			name = "Copy Pods Resources";
			outputPaths = (
			);
			runOnlyForDeploymentPostprocessing = 0;
			shellPath = /bin/sh;
			shellScript = "\"${SRCROOT}/Pods/Target Support Files/Pods/Pods-resources.sh\"\n";
			showEnvVarsInLog = 0;
		};
/* End PBXShellScriptBuildPhase section */

/* Begin PBXSourcesBuildPhase section */
		B64B79B81CA5949500F4E771 /* Sources */ = {
			isa = PBXSourcesBuildPhase;
			buildActionMask = 2147483647;
			files = (
				B64B79E81CA5993F00F4E771 /* AppDelegate.swift in Sources */,
				B63AE6241CA96270006FF012 /* RXLoginSignUpViewController.swift in Sources */,
				B64B7A171CA5D06600F4E771 /* RXConstants.swift in Sources */,
				B63AE6201CA95D5B006FF012 /* RXInitialPageContentViewController.swift in Sources */,
				B63AE6221CA95D5B006FF012 /* RXInitialViewController.swift in Sources */,
				B64B7A2F1CA5F2F000F4E771 /* RXExtensions.swift in Sources */,
				B63AE6211CA95D5B006FF012 /* RXInitialPageViewController.swift in Sources */,
			);
			runOnlyForDeploymentPostprocessing = 0;
		};
		B64B79EE1CA59B8100F4E771 /* Sources */ = {
			isa = PBXSourcesBuildPhase;
			buildActionMask = 2147483647;
			files = (
				B63AE6251CA96270006FF012 /* RXLoginSignUpViewController.swift in Sources */,
				B64B79EF1CA59B8100F4E771 /* AppDelegate.swift in Sources */,
				B64B7A181CA5D06600F4E771 /* RXConstants.swift in Sources */,
				B64B7A301CA5F2F000F4E771 /* RXExtensions.swift in Sources */,
			);
			runOnlyForDeploymentPostprocessing = 0;
		};
/* End PBXSourcesBuildPhase section */

/* Begin PBXVariantGroup section */
		B64B7A111CA5C97400F4E771 /* Localizable.strings */ = {
			isa = PBXVariantGroup;
			children = (
				B64B7A101CA5C97400F4E771 /* Base */,
				B64B7A121CA5C97A00F4E771 /* en */,
				B64B7A311CA5F75200F4E771 /* es-MX */,
				B64B7A321CA5F75E00F4E771 /* es */,
			);
			name = Localizable.strings;
			sourceTree = "<group>";
		};
/* End PBXVariantGroup section */

/* Begin XCBuildConfiguration section */
		B64B79CC1CA5949500F4E771 /* Debug */ = {
			isa = XCBuildConfiguration;
			buildSettings = {
				ALWAYS_SEARCH_USER_PATHS = NO;
				CLANG_ANALYZER_NONNULL = YES;
				CLANG_CXX_LANGUAGE_STANDARD = "gnu++0x";
				CLANG_CXX_LIBRARY = "libc++";
				CLANG_ENABLE_MODULES = YES;
				CLANG_ENABLE_OBJC_ARC = YES;
				CLANG_WARN_BOOL_CONVERSION = YES;
				CLANG_WARN_CONSTANT_CONVERSION = YES;
				CLANG_WARN_DIRECT_OBJC_ISA_USAGE = YES_ERROR;
				CLANG_WARN_EMPTY_BODY = YES;
				CLANG_WARN_ENUM_CONVERSION = YES;
				CLANG_WARN_INT_CONVERSION = YES;
				CLANG_WARN_OBJC_ROOT_CLASS = YES_ERROR;
				CLANG_WARN_UNREACHABLE_CODE = YES;
				CLANG_WARN__DUPLICATE_METHOD_MATCH = YES;
				"CODE_SIGN_IDENTITY[sdk=iphoneos*]" = "iPhone Developer";
				COPY_PHASE_STRIP = NO;
				DEBUG_INFORMATION_FORMAT = dwarf;
				ENABLE_STRICT_OBJC_MSGSEND = YES;
				ENABLE_TESTABILITY = YES;
				GCC_C_LANGUAGE_STANDARD = gnu99;
				GCC_DYNAMIC_NO_PIC = NO;
				GCC_NO_COMMON_BLOCKS = YES;
				GCC_OPTIMIZATION_LEVEL = 0;
				GCC_PREPROCESSOR_DEFINITIONS = (
					"DEBUG=1",
					"$(inherited)",
				);
				GCC_WARN_64_TO_32_BIT_CONVERSION = YES;
				GCC_WARN_ABOUT_RETURN_TYPE = YES_ERROR;
				GCC_WARN_UNDECLARED_SELECTOR = YES;
				GCC_WARN_UNINITIALIZED_AUTOS = YES_AGGRESSIVE;
				GCC_WARN_UNUSED_FUNCTION = YES;
				GCC_WARN_UNUSED_VARIABLE = YES;
				IPHONEOS_DEPLOYMENT_TARGET = 8.1;
				MTL_ENABLE_DEBUG_INFO = YES;
				ONLY_ACTIVE_ARCH = YES;
				SDKROOT = iphoneos;
				SWIFT_OPTIMIZATION_LEVEL = "-Onone";
				TARGETED_DEVICE_FAMILY = "1,2";
			};
			name = Debug;
		};
		B64B79CD1CA5949500F4E771 /* Release */ = {
			isa = XCBuildConfiguration;
			buildSettings = {
				ALWAYS_SEARCH_USER_PATHS = NO;
				CLANG_ANALYZER_NONNULL = YES;
				CLANG_CXX_LANGUAGE_STANDARD = "gnu++0x";
				CLANG_CXX_LIBRARY = "libc++";
				CLANG_ENABLE_MODULES = YES;
				CLANG_ENABLE_OBJC_ARC = YES;
				CLANG_WARN_BOOL_CONVERSION = YES;
				CLANG_WARN_CONSTANT_CONVERSION = YES;
				CLANG_WARN_DIRECT_OBJC_ISA_USAGE = YES_ERROR;
				CLANG_WARN_EMPTY_BODY = YES;
				CLANG_WARN_ENUM_CONVERSION = YES;
				CLANG_WARN_INT_CONVERSION = YES;
				CLANG_WARN_OBJC_ROOT_CLASS = YES_ERROR;
				CLANG_WARN_UNREACHABLE_CODE = YES;
				CLANG_WARN__DUPLICATE_METHOD_MATCH = YES;
				"CODE_SIGN_IDENTITY[sdk=iphoneos*]" = "iPhone Developer";
				COPY_PHASE_STRIP = NO;
				DEBUG_INFORMATION_FORMAT = "dwarf-with-dsym";
				ENABLE_NS_ASSERTIONS = NO;
				ENABLE_STRICT_OBJC_MSGSEND = YES;
				GCC_C_LANGUAGE_STANDARD = gnu99;
				GCC_NO_COMMON_BLOCKS = YES;
				GCC_WARN_64_TO_32_BIT_CONVERSION = YES;
				GCC_WARN_ABOUT_RETURN_TYPE = YES_ERROR;
				GCC_WARN_UNDECLARED_SELECTOR = YES;
				GCC_WARN_UNINITIALIZED_AUTOS = YES_AGGRESSIVE;
				GCC_WARN_UNUSED_FUNCTION = YES;
				GCC_WARN_UNUSED_VARIABLE = YES;
				IPHONEOS_DEPLOYMENT_TARGET = 8.1;
				MTL_ENABLE_DEBUG_INFO = NO;
				SDKROOT = iphoneos;
				TARGETED_DEVICE_FAMILY = "1,2";
				VALIDATE_PRODUCT = YES;
			};
			name = Release;
		};
		B64B79CF1CA5949500F4E771 /* Debug */ = {
			isa = XCBuildConfiguration;
			baseConfigurationReference = 1FF8AF0761FC32A20A8B02EB /* Pods.debug.xcconfig */;
			buildSettings = {
				ASSETCATALOG_COMPILER_APPICON_NAME = AppIcon;
				ASSETCATALOG_COMPILER_LAUNCHIMAGE_NAME = "Brand Assets";
				CODE_SIGN_IDENTITY = "iPhone Developer: Ramiro Ramirez Hernandez (9A8JDE7M9P)";
				CURRENT_PROJECT_VERSION = 1;
				EMBEDDED_CONTENT_CONTAINS_SWIFT = YES;
				INFOPLIST_FILE = "PLists/Rafflex-Alpha.plist";
				IPHONEOS_DEPLOYMENT_TARGET = 8.1;
				LD_RUNPATH_SEARCH_PATHS = "$(inherited) @executable_path/Frameworks";
				OTHER_SWIFT_FLAGS = "$(inherited) -D ALPHA -D DEBUG";
				PRODUCT_BUNDLE_IDENTIFIER = com.ram.Rafflex;
				PRODUCT_NAME = "$(TARGET_NAME)";
				PROVISIONING_PROFILE = "b3bcb42f-3762-41c8-8fc4-5d00f24dc021";
			};
			name = Debug;
		};
		B64B79D01CA5949500F4E771 /* Release */ = {
			isa = XCBuildConfiguration;
			baseConfigurationReference = E2F2EF3E2AD91627EB7BE9E6 /* Pods.release.xcconfig */;
			buildSettings = {
				ASSETCATALOG_COMPILER_APPICON_NAME = AppIcon;
				ASSETCATALOG_COMPILER_LAUNCHIMAGE_NAME = "Brand Assets";
				CODE_SIGN_IDENTITY = "iPhone Distribution: Ramiro Ramirez Hernandez (WEUMM3X4MB)";
				CURRENT_PROJECT_VERSION = 1;
				EMBEDDED_CONTENT_CONTAINS_SWIFT = YES;
				INFOPLIST_FILE = "PLists/Rafflex-Alpha.plist";
				IPHONEOS_DEPLOYMENT_TARGET = 8.1;
				LD_RUNPATH_SEARCH_PATHS = "$(inherited) @executable_path/Frameworks";
				OTHER_SWIFT_FLAGS = "$(inherited) -D ALPHA -D RELEASE";
				PRODUCT_BUNDLE_IDENTIFIER = com.ram.Rafflex;
				PRODUCT_NAME = "$(TARGET_NAME)";
				PROVISIONING_PROFILE = "e244551f-2be5-4b79-8d37-326ad3c474cf";
			};
			name = Release;
		};
		B64B79F71CA59B8100F4E771 /* Debug */ = {
			isa = XCBuildConfiguration;
			buildSettings = {
				ASSETCATALOG_COMPILER_APPICON_NAME = AppIcon;
				ASSETCATALOG_COMPILER_LAUNCHIMAGE_NAME = "Brand Assets";
				CODE_SIGN_IDENTITY = "iPhone Developer";
				"CODE_SIGN_IDENTITY[sdk=iphoneos*]" = "iPhone Developer";
				CURRENT_PROJECT_VERSION = 1;
				EMBEDDED_CONTENT_CONTAINS_SWIFT = YES;
				INFOPLIST_FILE = "PLists/Rafflex-AppStore.plist";
				IPHONEOS_DEPLOYMENT_TARGET = 8.1;
				LD_RUNPATH_SEARCH_PATHS = "$(inherited) @executable_path/Frameworks";
				OTHER_SWIFT_FLAGS = "$(inherited) -D APPSTORE -D DEBUG";
				PRODUCT_BUNDLE_IDENTIFIER = com.ram.Rafflex;
				PRODUCT_NAME = "$(TARGET_NAME)";
				PROVISIONING_PROFILE = "";
			};
			name = Debug;
		};
		B64B79F81CA59B8100F4E771 /* Release */ = {
			isa = XCBuildConfiguration;
			buildSettings = {
				ASSETCATALOG_COMPILER_APPICON_NAME = AppIcon;
				ASSETCATALOG_COMPILER_LAUNCHIMAGE_NAME = "Brand Assets";
				CODE_SIGN_IDENTITY = "iPhone Developer";
				"CODE_SIGN_IDENTITY[sdk=iphoneos*]" = "iPhone Developer";
				CURRENT_PROJECT_VERSION = 1;
				EMBEDDED_CONTENT_CONTAINS_SWIFT = YES;
				INFOPLIST_FILE = "PLists/Rafflex-AppStore.plist";
				IPHONEOS_DEPLOYMENT_TARGET = 8.1;
				LD_RUNPATH_SEARCH_PATHS = "$(inherited) @executable_path/Frameworks";
				OTHER_SWIFT_FLAGS = "$(inherited) -D APPSTORE -D RELEASE";
				PRODUCT_BUNDLE_IDENTIFIER = com.ram.Rafflex;
				PRODUCT_NAME = "$(TARGET_NAME)";
				PROVISIONING_PROFILE = "";
			};
			name = Release;
		};
/* End XCBuildConfiguration section */

/* Begin XCConfigurationList section */
		B64B79B71CA5949500F4E771 /* Build configuration list for PBXProject "Rafflex" */ = {
			isa = XCConfigurationList;
			buildConfigurations = (
				B64B79CC1CA5949500F4E771 /* Debug */,
				B64B79CD1CA5949500F4E771 /* Release */,
			);
			defaultConfigurationIsVisible = 0;
			defaultConfigurationName = Release;
		};
		B64B79CE1CA5949500F4E771 /* Build configuration list for PBXNativeTarget "Rafflex-Alpha" */ = {
			isa = XCConfigurationList;
			buildConfigurations = (
				B64B79CF1CA5949500F4E771 /* Debug */,
				B64B79D01CA5949500F4E771 /* Release */,
			);
			defaultConfigurationIsVisible = 0;
			defaultConfigurationName = Release;
		};
		B64B79F61CA59B8100F4E771 /* Build configuration list for PBXNativeTarget "Rafflex-AppStore" */ = {
			isa = XCConfigurationList;
			buildConfigurations = (
				B64B79F71CA59B8100F4E771 /* Debug */,
				B64B79F81CA59B8100F4E771 /* Release */,
			);
			defaultConfigurationIsVisible = 0;
			defaultConfigurationName = Release;
		};
/* End XCConfigurationList section */
	};
	rootObject = B64B79B41CA5949500F4E771 /* Project object */;
}
